// !$*UTF8*$!
{
	archiveVersion = 1;
	classes = {
	};
	objectVersion = 46;
	objects = {

/* Begin PBXBuildFile section */
		6372101A1D665C5B00671E7A /* AppDelegate.swift in Sources */ = {isa = PBXBuildFile; fileRef = 637210191D665C5B00671E7A /* AppDelegate.swift */; };
		6372101F1D665C5B00671E7A /* Main.storyboard in Resources */ = {isa = PBXBuildFile; fileRef = 6372101D1D665C5B00671E7A /* Main.storyboard */; };
		637210211D665C5B00671E7A /* Assets.xcassets in Resources */ = {isa = PBXBuildFile; fileRef = 637210201D665C5B00671E7A /* Assets.xcassets */; };
		637210241D665C5B00671E7A /* LaunchScreen.storyboard in Resources */ = {isa = PBXBuildFile; fileRef = 637210221D665C5B00671E7A /* LaunchScreen.storyboard */; };
		6372102C1D665CFD00671E7A /* ItemsViewController.swift in Sources */ = {isa = PBXBuildFile; fileRef = 6372102B1D665CFD00671E7A /* ItemsViewController.swift */; };
		6372102E1D665D7A00671E7A /* Item.swift in Sources */ = {isa = PBXBuildFile; fileRef = 6372102D1D665D7A00671E7A /* Item.swift */; };
		637210301D665FFD00671E7A /* ItemStore.swift in Sources */ = {isa = PBXBuildFile; fileRef = 6372102F1D665FFD00671E7A /* ItemStore.swift */; };
/* End PBXBuildFile section */

/* Begin PBXFileReference section */
		637210161D665C5B00671E7A /* HomeBNR App.app */ = {isa = PBXFileReference; explicitFileType = wrapper.application; includeInIndex = 0; path = "HomeBNR App.app"; sourceTree = BUILT_PRODUCTS_DIR; };
		637210191D665C5B00671E7A /* AppDelegate.swift */ = {isa = PBXFileReference; lastKnownFileType = sourcecode.swift; path = AppDelegate.swift; sourceTree = "<group>"; };
		6372101E1D665C5B00671E7A /* Base */ = {isa = PBXFileReference; lastKnownFileType = file.storyboard; name = Base; path = Base.lproj/Main.storyboard; sourceTree = "<group>"; };
		637210201D665C5B00671E7A /* Assets.xcassets */ = {isa = PBXFileReference; lastKnownFileType = folder.assetcatalog; path = Assets.xcassets; sourceTree = "<group>"; };
		637210231D665C5B00671E7A /* Base */ = {isa = PBXFileReference; lastKnownFileType = file.storyboard; name = Base; path = Base.lproj/LaunchScreen.storyboard; sourceTree = "<group>"; };
		637210251D665C5B00671E7A /* Info.plist */ = {isa = PBXFileReference; lastKnownFileType = text.plist.xml; path = Info.plist; sourceTree = "<group>"; };
		6372102B1D665CFD00671E7A /* ItemsViewController.swift */ = {isa = PBXFileReference; fileEncoding = 4; lastKnownFileType = sourcecode.swift; path = ItemsViewController.swift; sourceTree = "<group>"; };
		6372102D1D665D7A00671E7A /* Item.swift */ = {isa = PBXFileReference; fileEncoding = 4; lastKnownFileType = sourcecode.swift; path = Item.swift; sourceTree = "<group>"; };
		6372102F1D665FFD00671E7A /* ItemStore.swift */ = {isa = PBXFileReference; fileEncoding = 4; lastKnownFileType = sourcecode.swift; path = ItemStore.swift; sourceTree = "<group>"; };
/* End PBXFileReference section */

/* Begin PBXFrameworksBuildPhase section */
		637210131D665C5B00671E7A /* Frameworks */ = {
			isa = PBXFrameworksBuildPhase;
			buildActionMask = 2147483647;
			files = (
			);
			runOnlyForDeploymentPostprocessing = 0;
		};
/* End PBXFrameworksBuildPhase section */

/* Begin PBXGroup section */
		6372100D1D665C5B00671E7A = {
			isa = PBXGroup;
			children = (
				637210181D665C5B00671E7A /* HomeBNR App */,
				637210171D665C5B00671E7A /* Products */,
			);
			sourceTree = "<group>";
		};
		637210171D665C5B00671E7A /* Products */ = {
			isa = PBXGroup;
			children = (
				637210161D665C5B00671E7A /* HomeBNR App.app */,
			);
			name = Products;
			sourceTree = "<group>";
		};
		637210181D665C5B00671E7A /* HomeBNR App */ = {
			isa = PBXGroup;
			children = (
				637210191D665C5B00671E7A /* AppDelegate.swift */,
				6372101D1D665C5B00671E7A /* Main.storyboard */,
				637210201D665C5B00671E7A /* Assets.xcassets */,
				637210221D665C5B00671E7A /* LaunchScreen.storyboard */,
				637210251D665C5B00671E7A /* Info.plist */,
				6372102B1D665CFD00671E7A /* ItemsViewController.swift */,
				6372102D1D665D7A00671E7A /* Item.swift */,
				6372102F1D665FFD00671E7A /* ItemStore.swift */,
			);
			path = "HomeBNR App";
			sourceTree = "<group>";
		};
/* End PBXGroup section */

/* Begin PBXNativeTarget section */
		637210151D665C5B00671E7A /* HomeBNR App */ = {
			isa = PBXNativeTarget;
			buildConfigurationList = 637210281D665C5B00671E7A /* Build configuration list for PBXNativeTarget "HomeBNR App" */;
			buildPhases = (
				637210121D665C5B00671E7A /* Sources */,
				637210131D665C5B00671E7A /* Frameworks */,
				637210141D665C5B00671E7A /* Resources */,
			);
			buildRules = (
			);
			dependencies = (
			);
			name = "HomeBNR App";
			productName = "HomeBNR App";
			productReference = 637210161D665C5B00671E7A /* HomeBNR App.app */;
			productType = "com.apple.product-type.application";
		};
/* End PBXNativeTarget section */

/* Begin PBXProject section */
		6372100E1D665C5B00671E7A /* Project object */ = {
			isa = PBXProject;
			attributes = {
				LastSwiftUpdateCheck = 0730;
				LastUpgradeCheck = 0730;
				ORGANIZATIONNAME = "Volodymyr Romanov";
				TargetAttributes = {
					637210151D665C5B00671E7A = {
						CreatedOnToolsVersion = 7.3.1;
					};
				};
			};
			buildConfigurationList = 637210111D665C5B00671E7A /* Build configuration list for PBXProject "HomeBNR App" */;
			compatibilityVersion = "Xcode 3.2";
			developmentRegion = English;
			hasScannedForEncodings = 0;
			knownRegions = (
				en,
				Base,
			);
			mainGroup = 6372100D1D665C5B00671E7A;
			productRefGroup = 637210171D665C5B00671E7A /* Products */;
			projectDirPath = "";
			projectRoot = "";
			targets = (
				637210151D665C5B00671E7A /* HomeBNR App */,
			);
		};
/* End PBXProject section */

/* Begin PBXResourcesBuildPhase section */
		637210141D665C5B00671E7A /* Resources */ = {
			isa = PBXResourcesBuildPhase;
			buildActionMask = 2147483647;
			files = (
				637210241D665C5B00671E7A /* LaunchScreen.storyboard in Resources */,
				637210211D665C5B00671E7A /* Assets.xcassets in Resources */,
				6372101F1D665C5B00671E7A /* Main.storyboard in Resources */,
			);
			runOnlyForDeploymentPostprocessing = 0;
		};
/* End PBXResourcesBuildPhase section */

/* Begin PBXSourcesBuildPhase section */
		637210121D665C5B00671E7A /* Sources */ = {
			isa = PBXSourcesBuildPhase;
			buildActionMask = 2147483647;
			files = (
				6372102C1D665CFD00671E7A /* ItemsViewController.swift in Sources */,
				6372102E1D665D7A00671E7A /* Item.swift in Sources */,
				637210301D665FFD00671E7A /* ItemStore.swift in Sources */,
				6372101A1D665C5B00671E7A /* AppDelegate.swift in Sources */,
			);
			runOnlyForDeploymentPostprocessing = 0;
		};
/* End PBXSourcesBuildPhase section */

/* Begin PBXVariantGroup section */
		6372101D1D665C5B00671E7A /* Main.storyboard */ = {
			isa = PBXVariantGroup;
			children = (
				6372101E1D665C5B00671E7A /* Base */,
			);
			name = Main.storyboard;
			sourceTree = "<group>";
		};
		637210221D665C5B00671E7A /* LaunchScreen.storyboard */ = {
			isa = PBXVariantGroup;
			children = (
				637210231D665C5B00671E7A /* Base */,
			);
			name = LaunchScreen.storyboard;
			sourceTree = "<group>";
		};
/* End PBXVariantGroup section */

/* Begin XCBuildConfiguration section */
		637210261D665C5B00671E7A /* Debug */ = {
			isa = XCBuildConfiguration;
			buildSettings = {
				ALWAYS_SEARCH_USER_PATHS = NO;
				CLANG_ANALYZER_NONNULL = YES;
				CLANG_CXX_LANGUAGE_STANDARD = "gnu++0x";
				CLANG_CXX_LIBRARY = "libc++";
				CLANG_ENABLE_MODULES = YES;
				CLANG_ENABLE_OBJC_ARC = YES;
				CLANG_WARN_BOOL_CONVERSION = YES;
				CLANG_WARN_CONSTANT_CONVERSION = YES;
				CLANG_WARN_DIRECT_OBJC_ISA_USAGE = YES_ERROR;
				CLANG_WARN_EMPTY_BODY = YES;
				CLANG_WARN_ENUM_CONVERSION = YES;
				CLANG_WARN_INT_CONVERSION = YES;
				CLANG_WARN_OBJC_ROOT_CLASS = YES_ERROR;
				CLANG_WARN_UNREACHABLE_CODE = YES;
				CLANG_WARN__DUPLICATE_METHOD_MATCH = YES;
				"CODE_SIGN_IDENTITY[sdk=iphoneos*]" = "iPhone Developer";
				COPY_PHASE_STRIP = NO;
				DEBUG_INFORMATION_FORMAT = dwarf;
				ENABLE_STRICT_OBJC_MSGSEND = YES;
				ENABLE_TESTABILITY = YES;
				GCC_C_LANGUAGE_STANDARD = gnu99;
				GCC_DYNAMIC_NO_PIC = NO;
				GCC_NO_COMMON_BLOCKS = YES;
				GCC_OPTIMIZATION_LEVEL = 0;
				GCC_PREPROCESSOR_DEFINITIONS = (
					"DEBUG=1",
					"$(inherited)",
				);
				GCC_WARN_64_TO_32_BIT_CONVERSION = YES;
				GCC_WARN_ABOUT_RETURN_TYPE = YES_ERROR;
				GCC_WARN_UNDECLARED_SELECTOR = YES;
				GCC_WARN_UNINITIALIZED_AUTOS = YES_AGGRESSIVE;
				GCC_WARN_UNUSED_FUNCTION = YES;
				GCC_WARN_UNUSED_VARIABLE = YES;
				IPHONEOS_DEPLOYMENT_TARGET = 9.3;
				MTL_ENABLE_DEBUG_INFO = YES;
				ONLY_ACTIVE_ARCH = YES;
				SDKROOT = iphoneos;
				SWIFT_OPTIMIZATION_LEVEL = "-Onone";
				TARGETED_DEVICE_FAMILY = "1,2";
			};
			name = Debug;
		};
		637210271D665C5B00671E7A /* Release */ = {
			isa = XCBuildConfiguration;
			buildSettings = {
				ALWAYS_SEARCH_USER_PATHS = NO;
				CLANG_ANALYZER_NONNULL = YES;
				CLANG_CXX_LANGUAGE_STANDARD = "gnu++0x";
				CLANG_CXX_LIBRARY = "libc++";
				CLANG_ENABLE_MODULES = YES;
				CLANG_ENABLE_OBJC_ARC = YES;
				CLANG_WARN_BOOL_CONVERSION = YES;
				CLANG_WARN_CONSTANT_CONVERSION = YES;
				CLANG_WARN_DIRECT_OBJC_ISA_USAGE = YES_ERROR;
				CLANG_WARN_EMPTY_BODY = YES;
				CLANG_WARN_ENUM_CONVERSION = YES;
				CLANG_WARN_INT_CONVERSION = YES;
				CLANG_WARN_OBJC_ROOT_CLASS = YES_ERROR;
				CLANG_WARN_UNREACHABLE_CODE = YES;
				CLANG_WARN__DUPLICATE_METHOD_MATCH = YES;
				"CODE_SIGN_IDENTITY[sdk=iphoneos*]" = "iPhone Developer";
				COPY_PHASE_STRIP = NO;
				DEBUG_INFORMATION_FORMAT = "dwarf-with-dsym";
				ENABLE_NS_ASSERTIONS = NO;
				ENABLE_STRICT_OBJC_MSGSEND = YES;
				GCC_C_LANGUAGE_STANDARD = gnu99;
				GCC_NO_COMMON_BLOCKS = YES;
				GCC_WARN_64_TO_32_BIT_CONVERSION = YES;
				GCC_WARN_ABOUT_RETURN_TYPE = YES_ERROR;
				GCC_WARN_UNDECLARED_SELECTOR = YES;
				GCC_WARN_UNINITIALIZED_AUTOS = YES_AGGRESSIVE;
				GCC_WARN_UNUSED_FUNCTION = YES;
				GCC_WARN_UNUSED_VARIABLE = YES;
				IPHONEOS_DEPLOYMENT_TARGET = 9.3;
				MTL_ENABLE_DEBUG_INFO = NO;
				SDKROOT = iphoneos;
				TARGETED_DEVICE_FAMILY = "1,2";
				VALIDATE_PRODUCT = YES;
			};
			name = Release;
		};
		637210291D665C5B00671E7A /* Debug */ = {
			isa = XCBuildConfiguration;
			buildSettings = {
				ASSETCATALOG_COMPILER_APPICON_NAME = AppIcon;
				INFOPLIST_FILE = "HomeBNR App/Info.plist";
				LD_RUNPATH_SEARCH_PATHS = "$(inherited) @executable_path/Frameworks";
				PRODUCT_BUNDLE_IDENTIFIER = "com.vromanov.HomeBNR-App";
				PRODUCT_NAME = "$(TARGET_NAME)";
			};
			name = Debug;
		};
		6372102A1D665C5B00671E7A /* Release */ = {
			isa = XCBuildConfiguration;
			buildSettings = {
				ASSETCATALOG_COMPILER_APPICON_NAME = AppIcon;
				INFOPLIST_FILE = "HomeBNR App/Info.plist";
				LD_RUNPATH_SEARCH_PATHS = "$(inherited) @executable_path/Frameworks";
				PRODUCT_BUNDLE_IDENTIFIER = "com.vromanov.HomeBNR-App";
				PRODUCT_NAME = "$(TARGET_NAME)";
			};
			name = Release;
		};
/* End XCBuildConfiguration section */

/* Begin XCConfigurationList section */
		637210111D665C5B00671E7A /* Build configuration list for PBXProject "HomeBNR App" */ = {
			isa = XCConfigurationList;
			buildConfigurations = (
				637210261D665C5B00671E7A /* Debug */,
				637210271D665C5B00671E7A /* Release */,
			);
			defaultConfigurationIsVisible = 0;
			defaultConfigurationName = Release;
		};
		637210281D665C5B00671E7A /* Build configuration list for PBXNativeTarget "HomeBNR App" */ = {
			isa = XCConfigurationList;
			buildConfigurations = (
				637210291D665C5B00671E7A /* Debug */,
				6372102A1D665C5B00671E7A /* Release */,
			);
			defaultConfigurationIsVisible = 0;
		};
/* End XCConfigurationList section */
	};
	rootObject = 6372100E1D665C5B00671E7A /* Project object */;
}
