// !$*UTF8*$!
{
	archiveVersion = 1;
	classes = {
	};
	objectVersion = 46;
	objects = {

/* Begin PBXBuildFile section */
		637210881D6B859A00671E7A /* AppDelegate.swift in Sources */ = {isa = PBXBuildFile; fileRef = 637210871D6B859A00671E7A /* AppDelegate.swift */; };
		6372108D1D6B859A00671E7A /* Main.storyboard in Resources */ = {isa = PBXBuildFile; fileRef = 6372108B1D6B859A00671E7A /* Main.storyboard */; };
		6372108F1D6B859A00671E7A /* Assets.xcassets in Resources */ = {isa = PBXBuildFile; fileRef = 6372108E1D6B859A00671E7A /* Assets.xcassets */; };
		637210921D6B859A00671E7A /* LaunchScreen.storyboard in Resources */ = {isa = PBXBuildFile; fileRef = 637210901D6B859A00671E7A /* LaunchScreen.storyboard */; };
		6372109C1D6B861100671E7A /* PhotosViewController.swift in Sources */ = {isa = PBXBuildFile; fileRef = 6372109B1D6B861100671E7A /* PhotosViewController.swift */; };
		6372109F1D6B896B00671E7A /* FlickrAPI.swift in Sources */ = {isa = PBXBuildFile; fileRef = 6372109E1D6B896B00671E7A /* FlickrAPI.swift */; };
		637210A11D6B908000671E7A /* PhotoStore.swift in Sources */ = {isa = PBXBuildFile; fileRef = 637210A01D6B908000671E7A /* PhotoStore.swift */; };
		637210A31D6B973F00671E7A /* Photo.swift in Sources */ = {isa = PBXBuildFile; fileRef = 637210A21D6B973F00671E7A /* Photo.swift */; };
/* End PBXBuildFile section */

/* Begin PBXFileReference section */
		637210841D6B859A00671E7A /* Photorama.app */ = {isa = PBXFileReference; explicitFileType = wrapper.application; includeInIndex = 0; path = Photorama.app; sourceTree = BUILT_PRODUCTS_DIR; };
		637210871D6B859A00671E7A /* AppDelegate.swift */ = {isa = PBXFileReference; lastKnownFileType = sourcecode.swift; path = AppDelegate.swift; sourceTree = "<group>"; };
		6372108C1D6B859A00671E7A /* Base */ = {isa = PBXFileReference; lastKnownFileType = file.storyboard; name = Base; path = Base.lproj/Main.storyboard; sourceTree = "<group>"; };
		6372108E1D6B859A00671E7A /* Assets.xcassets */ = {isa = PBXFileReference; lastKnownFileType = folder.assetcatalog; path = Assets.xcassets; sourceTree = "<group>"; };
		637210911D6B859A00671E7A /* Base */ = {isa = PBXFileReference; lastKnownFileType = file.storyboard; name = Base; path = Base.lproj/LaunchScreen.storyboard; sourceTree = "<group>"; };
		637210931D6B859A00671E7A /* Info.plist */ = {isa = PBXFileReference; lastKnownFileType = text.plist.xml; path = Info.plist; sourceTree = "<group>"; };
		6372109B1D6B861100671E7A /* PhotosViewController.swift */ = {isa = PBXFileReference; fileEncoding = 4; lastKnownFileType = sourcecode.swift; path = PhotosViewController.swift; sourceTree = "<group>"; };
		6372109E1D6B896B00671E7A /* FlickrAPI.swift */ = {isa = PBXFileReference; fileEncoding = 4; lastKnownFileType = sourcecode.swift; path = FlickrAPI.swift; sourceTree = "<group>"; };
		637210A01D6B908000671E7A /* PhotoStore.swift */ = {isa = PBXFileReference; fileEncoding = 4; lastKnownFileType = sourcecode.swift; path = PhotoStore.swift; sourceTree = "<group>"; };
		637210A21D6B973F00671E7A /* Photo.swift */ = {isa = PBXFileReference; fileEncoding = 4; lastKnownFileType = sourcecode.swift; path = Photo.swift; sourceTree = "<group>"; };
/* End PBXFileReference section */

/* Begin PBXFrameworksBuildPhase section */
		637210811D6B859A00671E7A /* Frameworks */ = {
			isa = PBXFrameworksBuildPhase;
			buildActionMask = 2147483647;
			files = (
			);
			runOnlyForDeploymentPostprocessing = 0;
		};
/* End PBXFrameworksBuildPhase section */

/* Begin PBXGroup section */
		6372107B1D6B859A00671E7A = {
			isa = PBXGroup;
			children = (
				637210861D6B859A00671E7A /* Photorama */,
				637210851D6B859A00671E7A /* Products */,
			);
			sourceTree = "<group>";
		};
		637210851D6B859A00671E7A /* Products */ = {
			isa = PBXGroup;
			children = (
				637210841D6B859A00671E7A /* Photorama.app */,
			);
			name = Products;
			sourceTree = "<group>";
		};
		637210861D6B859A00671E7A /* Photorama */ = {
			isa = PBXGroup;
			children = (
				6372109D1D6B895B00671E7A /* Model */,
				6372109A1D6B85FD00671E7A /* Controller */,
				637210991D6B85DD00671E7A /* Support Files */,
				6372108B1D6B859A00671E7A /* Main.storyboard */,
			);
			path = Photorama;
			sourceTree = "<group>";
		};
		637210991D6B85DD00671E7A /* Support Files */ = {
			isa = PBXGroup;
			children = (
				637210931D6B859A00671E7A /* Info.plist */,
				637210901D6B859A00671E7A /* LaunchScreen.storyboard */,
				6372108E1D6B859A00671E7A /* Assets.xcassets */,
				637210871D6B859A00671E7A /* AppDelegate.swift */,
			);
			name = "Support Files";
			sourceTree = "<group>";
		};
		6372109A1D6B85FD00671E7A /* Controller */ = {
			isa = PBXGroup;
			children = (
				6372109B1D6B861100671E7A /* PhotosViewController.swift */,
			);
			name = Controller;
			sourceTree = "<group>";
		};
		6372109D1D6B895B00671E7A /* Model */ = {
			isa = PBXGroup;
			children = (
				6372109E1D6B896B00671E7A /* FlickrAPI.swift */,
				637210A01D6B908000671E7A /* PhotoStore.swift */,
				637210A21D6B973F00671E7A /* Photo.swift */,
			);
			name = Model;
			sourceTree = "<group>";
		};
/* End PBXGroup section */

/* Begin PBXNativeTarget section */
		637210831D6B859A00671E7A /* Photorama */ = {
			isa = PBXNativeTarget;
			buildConfigurationList = 637210961D6B859A00671E7A /* Build configuration list for PBXNativeTarget "Photorama" */;
			buildPhases = (
				637210801D6B859A00671E7A /* Sources */,
				637210811D6B859A00671E7A /* Frameworks */,
				637210821D6B859A00671E7A /* Resources */,
			);
			buildRules = (
			);
			dependencies = (
			);
			name = Photorama;
			productName = Photorama;
			productReference = 637210841D6B859A00671E7A /* Photorama.app */;
			productType = "com.apple.product-type.application";
		};
/* End PBXNativeTarget section */

/* Begin PBXProject section */
		6372107C1D6B859A00671E7A /* Project object */ = {
			isa = PBXProject;
			attributes = {
				LastSwiftUpdateCheck = 0730;
				LastUpgradeCheck = 0730;
				ORGANIZATIONNAME = "Volodymyr Romanov";
				TargetAttributes = {
					637210831D6B859A00671E7A = {
						CreatedOnToolsVersion = 7.3.1;
					};
				};
			};
			buildConfigurationList = 6372107F1D6B859A00671E7A /* Build configuration list for PBXProject "Photorama" */;
			compatibilityVersion = "Xcode 3.2";
			developmentRegion = English;
			hasScannedForEncodings = 0;
			knownRegions = (
				en,
				Base,
			);
			mainGroup = 6372107B1D6B859A00671E7A;
			productRefGroup = 637210851D6B859A00671E7A /* Products */;
			projectDirPath = "";
			projectRoot = "";
			targets = (
				637210831D6B859A00671E7A /* Photorama */,
			);
		};
/* End PBXProject section */

/* Begin PBXResourcesBuildPhase section */
		637210821D6B859A00671E7A /* Resources */ = {
			isa = PBXResourcesBuildPhase;
			buildActionMask = 2147483647;
			files = (
				637210921D6B859A00671E7A /* LaunchScreen.storyboard in Resources */,
				6372108F1D6B859A00671E7A /* Assets.xcassets in Resources */,
				6372108D1D6B859A00671E7A /* Main.storyboard in Resources */,
			);
			runOnlyForDeploymentPostprocessing = 0;
		};
/* End PBXResourcesBuildPhase section */

/* Begin PBXSourcesBuildPhase section */
		637210801D6B859A00671E7A /* Sources */ = {
			isa = PBXSourcesBuildPhase;
			buildActionMask = 2147483647;
			files = (
				6372109F1D6B896B00671E7A /* FlickrAPI.swift in Sources */,
				637210881D6B859A00671E7A /* AppDelegate.swift in Sources */,
				637210A11D6B908000671E7A /* PhotoStore.swift in Sources */,
				6372109C1D6B861100671E7A /* PhotosViewController.swift in Sources */,
				637210A31D6B973F00671E7A /* Photo.swift in Sources */,
			);
			runOnlyForDeploymentPostprocessing = 0;
		};
/* End PBXSourcesBuildPhase section */

/* Begin PBXVariantGroup section */
		6372108B1D6B859A00671E7A /* Main.storyboard */ = {
			isa = PBXVariantGroup;
			children = (
				6372108C1D6B859A00671E7A /* Base */,
			);
			name = Main.storyboard;
			sourceTree = "<group>";
		};
		637210901D6B859A00671E7A /* LaunchScreen.storyboard */ = {
			isa = PBXVariantGroup;
			children = (
				637210911D6B859A00671E7A /* Base */,
			);
			name = LaunchScreen.storyboard;
			sourceTree = "<group>";
		};
/* End PBXVariantGroup section */

/* Begin XCBuildConfiguration section */
		637210941D6B859A00671E7A /* Debug */ = {
			isa = XCBuildConfiguration;
			buildSettings = {
				ALWAYS_SEARCH_USER_PATHS = NO;
				CLANG_ANALYZER_NONNULL = YES;
				CLANG_CXX_LANGUAGE_STANDARD = "gnu++0x";
				CLANG_CXX_LIBRARY = "libc++";
				CLANG_ENABLE_MODULES = YES;
				CLANG_ENABLE_OBJC_ARC = YES;
				CLANG_WARN_BOOL_CONVERSION = YES;
				CLANG_WARN_CONSTANT_CONVERSION = YES;
				CLANG_WARN_DIRECT_OBJC_ISA_USAGE = YES_ERROR;
				CLANG_WARN_EMPTY_BODY = YES;
				CLANG_WARN_ENUM_CONVERSION = YES;
				CLANG_WARN_INT_CONVERSION = YES;
				CLANG_WARN_OBJC_ROOT_CLASS = YES_ERROR;
				CLANG_WARN_UNREACHABLE_CODE = YES;
				CLANG_WARN__DUPLICATE_METHOD_MATCH = YES;
				"CODE_SIGN_IDENTITY[sdk=iphoneos*]" = "iPhone Developer";
				COPY_PHASE_STRIP = NO;
				DEBUG_INFORMATION_FORMAT = dwarf;
				ENABLE_STRICT_OBJC_MSGSEND = YES;
				ENABLE_TESTABILITY = YES;
				GCC_C_LANGUAGE_STANDARD = gnu99;
				GCC_DYNAMIC_NO_PIC = NO;
				GCC_NO_COMMON_BLOCKS = YES;
				GCC_OPTIMIZATION_LEVEL = 0;
				GCC_PREPROCESSOR_DEFINITIONS = (
					"DEBUG=1",
					"$(inherited)",
				);
				GCC_WARN_64_TO_32_BIT_CONVERSION = YES;
				GCC_WARN_ABOUT_RETURN_TYPE = YES_ERROR;
				GCC_WARN_UNDECLARED_SELECTOR = YES;
				GCC_WARN_UNINITIALIZED_AUTOS = YES_AGGRESSIVE;
				GCC_WARN_UNUSED_FUNCTION = YES;
				GCC_WARN_UNUSED_VARIABLE = YES;
				IPHONEOS_DEPLOYMENT_TARGET = 9.3;
				MTL_ENABLE_DEBUG_INFO = YES;
				ONLY_ACTIVE_ARCH = YES;
				SDKROOT = iphoneos;
				SWIFT_OPTIMIZATION_LEVEL = "-Onone";
				TARGETED_DEVICE_FAMILY = "1,2";
			};
			name = Debug;
		};
		637210951D6B859A00671E7A /* Release */ = {
			isa = XCBuildConfiguration;
			buildSettings = {
				ALWAYS_SEARCH_USER_PATHS = NO;
				CLANG_ANALYZER_NONNULL = YES;
				CLANG_CXX_LANGUAGE_STANDARD = "gnu++0x";
				CLANG_CXX_LIBRARY = "libc++";
				CLANG_ENABLE_MODULES = YES;
				CLANG_ENABLE_OBJC_ARC = YES;
				CLANG_WARN_BOOL_CONVERSION = YES;
				CLANG_WARN_CONSTANT_CONVERSION = YES;
				CLANG_WARN_DIRECT_OBJC_ISA_USAGE = YES_ERROR;
				CLANG_WARN_EMPTY_BODY = YES;
				CLANG_WARN_ENUM_CONVERSION = YES;
				CLANG_WARN_INT_CONVERSION = YES;
				CLANG_WARN_OBJC_ROOT_CLASS = YES_ERROR;
				CLANG_WARN_UNREACHABLE_CODE = YES;
				CLANG_WARN__DUPLICATE_METHOD_MATCH = YES;
				"CODE_SIGN_IDENTITY[sdk=iphoneos*]" = "iPhone Developer";
				COPY_PHASE_STRIP = NO;
				DEBUG_INFORMATION_FORMAT = "dwarf-with-dsym";
				ENABLE_NS_ASSERTIONS = NO;
				ENABLE_STRICT_OBJC_MSGSEND = YES;
				GCC_C_LANGUAGE_STANDARD = gnu99;
				GCC_NO_COMMON_BLOCKS = YES;
				GCC_WARN_64_TO_32_BIT_CONVERSION = YES;
				GCC_WARN_ABOUT_RETURN_TYPE = YES_ERROR;
				GCC_WARN_UNDECLARED_SELECTOR = YES;
				GCC_WARN_UNINITIALIZED_AUTOS = YES_AGGRESSIVE;
				GCC_WARN_UNUSED_FUNCTION = YES;
				GCC_WARN_UNUSED_VARIABLE = YES;
				IPHONEOS_DEPLOYMENT_TARGET = 9.3;
				MTL_ENABLE_DEBUG_INFO = NO;
				SDKROOT = iphoneos;
				TARGETED_DEVICE_FAMILY = "1,2";
				VALIDATE_PRODUCT = YES;
			};
			name = Release;
		};
		637210971D6B859A00671E7A /* Debug */ = {
			isa = XCBuildConfiguration;
			buildSettings = {
				ASSETCATALOG_COMPILER_APPICON_NAME = AppIcon;
				INFOPLIST_FILE = Photorama/Info.plist;
				LD_RUNPATH_SEARCH_PATHS = "$(inherited) @executable_path/Frameworks";
				PRODUCT_BUNDLE_IDENTIFIER = com.vromanov.Photorama;
				PRODUCT_NAME = "$(TARGET_NAME)";
			};
			name = Debug;
		};
		637210981D6B859A00671E7A /* Release */ = {
			isa = XCBuildConfiguration;
			buildSettings = {
				ASSETCATALOG_COMPILER_APPICON_NAME = AppIcon;
				INFOPLIST_FILE = Photorama/Info.plist;
				LD_RUNPATH_SEARCH_PATHS = "$(inherited) @executable_path/Frameworks";
				PRODUCT_BUNDLE_IDENTIFIER = com.vromanov.Photorama;
				PRODUCT_NAME = "$(TARGET_NAME)";
			};
			name = Release;
		};
/* End XCBuildConfiguration section */

/* Begin XCConfigurationList section */
		6372107F1D6B859A00671E7A /* Build configuration list for PBXProject "Photorama" */ = {
			isa = XCConfigurationList;
			buildConfigurations = (
				637210941D6B859A00671E7A /* Debug */,
				637210951D6B859A00671E7A /* Release */,
			);
			defaultConfigurationIsVisible = 0;
			defaultConfigurationName = Release;
		};
		637210961D6B859A00671E7A /* Build configuration list for PBXNativeTarget "Photorama" */ = {
			isa = XCConfigurationList;
			buildConfigurations = (
				637210971D6B859A00671E7A /* Debug */,
				637210981D6B859A00671E7A /* Release */,
			);
			defaultConfigurationIsVisible = 0;
		};
/* End XCConfigurationList section */
	};
	rootObject = 6372107C1D6B859A00671E7A /* Project object */;
}
